
Microsoft Visual Studio Solution File, Format Version 12.00
# Visual Studio Version 16
VisualStudioVersion = 16.0.31105.61
MinimumVisualStudioVersion = 10.0.40219.1
Project("{FAE04EC0-301F-11D3-BF4B-00C04F79EFBC}") = "Password", "Password.csproj", "{80ECF803-58AB-4DBF-AFEE-3622AFBAA767}"
EndProject
Global
	GlobalSection(SolutionConfigurationPlatforms) = preSolution
		Debug|Any CPU = Debug|Any CPU
		Release|Any CPU = Release|Any CPU
	EndGlobalSection
	GlobalSection(ProjectConfigurationPlatforms) = postSolution
		{80ECF803-58AB-4DBF-AFEE-3622AFBAA767}.Debug|Any CPU.ActiveCfg = Debug|Any CPU
		{80ECF803-58AB-4DBF-AFEE-3622AFBAA767}.Debug|Any CPU.Build.0 = Debug|Any CPU
		{80ECF803-58AB-4DBF-AFEE-3622AFBAA767}.Release|Any CPU.ActiveCfg = Release|Any CPU
		{80ECF803-58AB-4DBF-AFEE-3622AFBAA767}.Release|Any CPU.Build.0 = Release|Any CPU
	EndGlobalSection
	GlobalSection(SolutionProperties) = preSolution
		HideSolutionNode = FALSE
	EndGlobalSection
	GlobalSection(ExtensibilityGlobals) = postSolution
		SolutionGuid = {604C43A0-F4B2-44BB-B974-AE544A35A529}
	EndGlobalSection
EndGlobal
